
Microsoft Visual Studio Solution File, Format Version 12.00
# Visual Studio Version 17
VisualStudioVersion = 17.9.34622.214
MinimumVisualStudioVersion = 10.0.40219.1
Project("{FAE04EC0-301F-11D3-BF4B-00C04F79EFBC}") = "Beecrowd_Distance_02_1016", "Beecrowd_Distance_02_1016\Beecrowd_Distance_02_1016.csproj", "{1F2BBB10-8D12-41EB-8516-6BDB9D0AB76D}"
EndProject
Global
	GlobalSection(SolutionConfigurationPlatforms) = preSolution
		Debug|Any CPU = Debug|Any CPU
		Release|Any CPU = Release|Any CPU
	EndGlobalSection
	GlobalSection(ProjectConfigurationPlatforms) = postSolution
		{1F2BBB10-8D12-41EB-8516-6BDB9D0AB76D}.Debug|Any CPU.ActiveCfg = Debug|Any CPU
		{1F2BBB10-8D12-41EB-8516-6BDB9D0AB76D}.Debug|Any CPU.Build.0 = Debug|Any CPU
		{1F2BBB10-8D12-41EB-8516-6BDB9D0AB76D}.Release|Any CPU.ActiveCfg = Release|Any CPU
		{1F2BBB10-8D12-41EB-8516-6BDB9D0AB76D}.Release|Any CPU.Build.0 = Release|Any CPU
	EndGlobalSection
	GlobalSection(SolutionProperties) = preSolution
		HideSolutionNode = FALSE
	EndGlobalSection
	GlobalSection(ExtensibilityGlobals) = postSolution
		SolutionGuid = {AE6CC694-6FEA-48B6-8FCE-2D802D57220B}
	EndGlobalSection
EndGlobal
